
Microsoft Visual Studio Solution File, Format Version 12.00
# Visual Studio Version 17
VisualStudioVersion = 17.5.33530.505
MinimumVisualStudioVersion = 10.0.40219.1
Project("{9A19103F-16F7-4668-BE54-9A1E7A4F7556}") = "OMSBlazor.Domain", "src\OMSBlazor.Domain\OMSBlazor.Domain.csproj", "{554AD327-6DBA-4F8F-96F8-81CE7A0C863F}"
EndProject
Project("{9A19103F-16F7-4668-BE54-9A1E7A4F7556}") = "OMSBlazor.Application", "src\OMSBlazor.Application\OMSBlazor.Application.csproj", "{1A94A50E-06DC-43C1-80B5-B662820EC3EB}"
EndProject
Project("{9A19103F-16F7-4668-BE54-9A1E7A4F7556}") = "OMSBlazor.EntityFrameworkCore", "src\OMSBlazor.EntityFrameworkCore\OMSBlazor.EntityFrameworkCore.csproj", "{C956DD76-69C8-4A9C-83EA-D17DF83340FD}"
EndProject
Project("{2150E333-8FDC-42A3-9474-1A3956D46DE8}") = "src", "src", "{CA9AC87F-097E-4F15-8393-4BC07735A5B0}"
EndProject
Project("{2150E333-8FDC-42A3-9474-1A3956D46DE8}") = "test", "test", "{04DBDB01-70F4-4E06-B468-8F87850B22BE}"
EndProject
Project("{9A19103F-16F7-4668-BE54-9A1E7A4F7556}") = "OMSBlazor.Application.Tests", "test\OMSBlazor.Application.Tests\OMSBlazor.Application.Tests.csproj", "{50B2631D-129C-47B3-A587-029CCD6099BC}"
EndProject
Project("{9A19103F-16F7-4668-BE54-9A1E7A4F7556}") = "OMSBlazor.Domain.Shared", "src\OMSBlazor.Domain.Shared\OMSBlazor.Domain.Shared.csproj", "{42F719ED-8413-4895-B5B4-5AB56079BC66}"
EndProject
Project("{9A19103F-16F7-4668-BE54-9A1E7A4F7556}") = "OMSBlazor.Application.Contracts", "src\OMSBlazor.Application.Contracts\OMSBlazor.Application.Contracts.csproj", "{520659C8-C734-4298-A3DA-B539DB9DFC0B}"
EndProject
Project("{9A19103F-16F7-4668-BE54-9A1E7A4F7556}") = "OMSBlazor.HttpApi", "src\OMSBlazor.HttpApi\OMSBlazor.HttpApi.csproj", "{4164BDF7-F527-4E85-9CE6-E3C2D7426A27}"
EndProject
Project("{9A19103F-16F7-4668-BE54-9A1E7A4F7556}") = "OMSBlazor.HttpApi.Client", "src\OMSBlazor.HttpApi.Client\OMSBlazor.HttpApi.Client.csproj", "{3B5A0094-670D-4BB1-BFDD-61B88A8773DC}"
EndProject
Project("{9A19103F-16F7-4668-BE54-9A1E7A4F7556}") = "OMSBlazor.EntityFrameworkCore.Tests", "test\OMSBlazor.EntityFrameworkCore.Tests\OMSBlazor.EntityFrameworkCore.Tests.csproj", "{1FE30EB9-74A9-47F5-A9F6-7B1FAB672D81}"
EndProject
Project("{9A19103F-16F7-4668-BE54-9A1E7A4F7556}") = "OMSBlazor.TestBase", "test\OMSBlazor.TestBase\OMSBlazor.TestBase.csproj", "{91853F21-9CD9-4132-BC29-A7D5D84FFFE7}"
EndProject
Project("{9A19103F-16F7-4668-BE54-9A1E7A4F7556}") = "OMSBlazor.Domain.Tests", "test\OMSBlazor.Domain.Tests\OMSBlazor.Domain.Tests.csproj", "{E512F4D9-9375-480F-A2F6-A46509F9D824}"
EndProject
Project("{9A19103F-16F7-4668-BE54-9A1E7A4F7556}") = "OMSBlazor.HttpApi.Client.ConsoleTestApp", "test\OMSBlazor.HttpApi.Client.ConsoleTestApp\OMSBlazor.HttpApi.Client.ConsoleTestApp.csproj", "{EF480016-9127-4916-8735-D2466BDBC582}"
EndProject
Project("{9A19103F-16F7-4668-BE54-9A1E7A4F7556}") = "OMSBlazor.DbMigrator", "src\OMSBlazor.DbMigrator\OMSBlazor.DbMigrator.csproj", "{AA94D832-1CCC-4715-95A9-A483F23A1A5D}"
EndProject
Project("{9A19103F-16F7-4668-BE54-9A1E7A4F7556}") = "OMSBlazor.HttpApi.Host", "src\OMSBlazor.HttpApi.Host\OMSBlazor.HttpApi.Host.csproj", "{748584B1-BA69-4F6A-81AA-F4BDE6BCE29D}"
EndProject
Project("{2150E333-8FDC-42A3-9474-1A3956D46DE8}") = "Solution Items", "Solution Items", "{F1FA4DBD-C363-4389-8600-CA992A085034}"
	ProjectSection(SolutionItems) = preProject
		LICENSE.txt = LICENSE.txt
		src\OMSBlazor.HttpApi.Host\NorthwindIdentitySQLite.sqlite = src\OMSBlazor.HttpApi.Host\NorthwindIdentitySQLite.sqlite
		src\OMSBlazor.HttpApi.Host\NorthwindSQLite.sqlite = src\OMSBlazor.HttpApi.Host\NorthwindSQLite.sqlite
		README.md = README.md
	EndProjectSection
EndProject
Project("{9A19103F-16F7-4668-BE54-9A1E7A4F7556}") = "OMSBlazor.NotificationSender", "src\OMSBlazor.NotificationSender\OMSBlazor.NotificationSender.csproj", "{53F1858A-8B02-489D-9708-E9D6D18E439D}"
EndProject
Project("{9A19103F-16F7-4668-BE54-9A1E7A4F7556}") = "OMSBlazor", "src\OMSBlazor\OMSBlazor.csproj", "{1C1972D7-52AF-46F7-9454-7EC4C443BF15}"
EndProject
Project("{9A19103F-16F7-4668-BE54-9A1E7A4F7556}") = "OMSBlazor.Client", "src\OMSBlazor.Client\OMSBlazor.Client.csproj", "{4E01FC3E-B919-4AED-AE32-E06D4675CE2C}"
EndProject
Project("{2150E333-8FDC-42A3-9474-1A3956D46DE8}") = "modules", "modules", "{5A7A77E8-4FA8-494D-94FA-1720118A6179}"
EndProject
Project("{2150E333-8FDC-42A3-9474-1A3956D46DE8}") = "Stripe", "Stripe", "{A6EC4490-7A1E-44FF-9898-D6950F160C07}"
EndProject
Project("{FAE04EC0-301F-11D3-BF4B-00C04F79EFBC}") = "StripeModule.Domain", "modules\src\StripeModule.Domain\StripeModule.Domain.csproj", "{A4EFF505-3961-45AA-9829-962EF67ABB1C}"
EndProject
Project("{FAE04EC0-301F-11D3-BF4B-00C04F79EFBC}") = "StripeModule.Domain.Shared", "modules\src\StripeModule.Domain.Shared\StripeModule.Domain.Shared.csproj", "{53E7A541-0155-4626-A564-9B7ECA822058}"
EndProject
Project("{FAE04EC0-301F-11D3-BF4B-00C04F79EFBC}") = "StripeModule.EntityFrameworkCore", "modules\src\StripeModule.EntityFrameworkCore\StripeModule.EntityFrameworkCore.csproj", "{3AD01639-1FB3-4CEE-8748-BF145E7CE6AB}"
EndProject
Project("{FAE04EC0-301F-11D3-BF4B-00C04F79EFBC}") = "StripeModule.Application.Contracts", "modules\src\StripeModule.Application.Contracts\StripeModule.Application.Contracts.csproj", "{90FD505D-2C91-41D6-AA05-1D4260F5D094}"
EndProject
Project("{FAE04EC0-301F-11D3-BF4B-00C04F79EFBC}") = "StripeModule.Application", "modules\src\StripeModule.Application\StripeModule.Application.csproj", "{137E1175-C086-4EDC-A193-AD4F2170F35A}"
EndProject
Project("{FAE04EC0-301F-11D3-BF4B-00C04F79EFBC}") = "StripeModule.HttpApi", "modules\src\StripeModule.HttpApi\StripeModule.HttpApi.csproj", "{85E79BFA-D3B8-47A8-8339-64384C9FA2FE}"
EndProject
Project("{FAE04EC0-301F-11D3-BF4B-00C04F79EFBC}") = "StripeModule.Pages", "modules\src\StripeModule.Pages\StripeModule.Pages.csproj", "{097E459D-F47B-4570-A2EC-EB8B3BDBA1FF}"
EndProject
Global
	GlobalSection(SolutionConfigurationPlatforms) = preSolution
		Debug|Any CPU = Debug|Any CPU
		Release|Any CPU = Release|Any CPU
	EndGlobalSection
	GlobalSection(ProjectConfigurationPlatforms) = postSolution
		{554AD327-6DBA-4F8F-96F8-81CE7A0C863F}.Debug|Any CPU.ActiveCfg = Debug|Any CPU
		{554AD327-6DBA-4F8F-96F8-81CE7A0C863F}.Debug|Any CPU.Build.0 = Debug|Any CPU
		{554AD327-6DBA-4F8F-96F8-81CE7A0C863F}.Release|Any CPU.ActiveCfg = Release|Any CPU
		{554AD327-6DBA-4F8F-96F8-81CE7A0C863F}.Release|Any CPU.Build.0 = Release|Any CPU
		{1A94A50E-06DC-43C1-80B5-B662820EC3EB}.Debug|Any CPU.ActiveCfg = Debug|Any CPU
		{1A94A50E-06DC-43C1-80B5-B662820EC3EB}.Debug|Any CPU.Build.0 = Debug|Any CPU
		{1A94A50E-06DC-43C1-80B5-B662820EC3EB}.Release|Any CPU.ActiveCfg = Release|Any CPU
		{1A94A50E-06DC-43C1-80B5-B662820EC3EB}.Release|Any CPU.Build.0 = Release|Any CPU
		{C956DD76-69C8-4A9C-83EA-D17DF83340FD}.Debug|Any CPU.ActiveCfg = Debug|Any CPU
		{C956DD76-69C8-4A9C-83EA-D17DF83340FD}.Debug|Any CPU.Build.0 = Debug|Any CPU
		{C956DD76-69C8-4A9C-83EA-D17DF83340FD}.Release|Any CPU.ActiveCfg = Release|Any CPU
		{C956DD76-69C8-4A9C-83EA-D17DF83340FD}.Release|Any CPU.Build.0 = Release|Any CPU
		{50B2631D-129C-47B3-A587-029CCD6099BC}.Debug|Any CPU.ActiveCfg = Debug|Any CPU
		{50B2631D-129C-47B3-A587-029CCD6099BC}.Debug|Any CPU.Build.0 = Debug|Any CPU
		{50B2631D-129C-47B3-A587-029CCD6099BC}.Release|Any CPU.ActiveCfg = Release|Any CPU
		{50B2631D-129C-47B3-A587-029CCD6099BC}.Release|Any CPU.Build.0 = Release|Any CPU
		{42F719ED-8413-4895-B5B4-5AB56079BC66}.Debug|Any CPU.ActiveCfg = Debug|Any CPU
		{42F719ED-8413-4895-B5B4-5AB56079BC66}.Debug|Any CPU.Build.0 = Debug|Any CPU
		{42F719ED-8413-4895-B5B4-5AB56079BC66}.Release|Any CPU.ActiveCfg = Release|Any CPU
		{42F719ED-8413-4895-B5B4-5AB56079BC66}.Release|Any CPU.Build.0 = Release|Any CPU
		{520659C8-C734-4298-A3DA-B539DB9DFC0B}.Debug|Any CPU.ActiveCfg = Debug|Any CPU
		{520659C8-C734-4298-A3DA-B539DB9DFC0B}.Debug|Any CPU.Build.0 = Debug|Any CPU
		{520659C8-C734-4298-A3DA-B539DB9DFC0B}.Release|Any CPU.ActiveCfg = Release|Any CPU
		{520659C8-C734-4298-A3DA-B539DB9DFC0B}.Release|Any CPU.Build.0 = Release|Any CPU
		{4164BDF7-F527-4E85-9CE6-E3C2D7426A27}.Debug|Any CPU.ActiveCfg = Debug|Any CPU
		{4164BDF7-F527-4E85-9CE6-E3C2D7426A27}.Debug|Any CPU.Build.0 = Debug|Any CPU
		{4164BDF7-F527-4E85-9CE6-E3C2D7426A27}.Release|Any CPU.ActiveCfg = Release|Any CPU
		{4164BDF7-F527-4E85-9CE6-E3C2D7426A27}.Release|Any CPU.Build.0 = Release|Any CPU
		{3B5A0094-670D-4BB1-BFDD-61B88A8773DC}.Debug|Any CPU.ActiveCfg = Debug|Any CPU
		{3B5A0094-670D-4BB1-BFDD-61B88A8773DC}.Debug|Any CPU.Build.0 = Debug|Any CPU
		{3B5A0094-670D-4BB1-BFDD-61B88A8773DC}.Release|Any CPU.ActiveCfg = Release|Any CPU
		{3B5A0094-670D-4BB1-BFDD-61B88A8773DC}.Release|Any CPU.Build.0 = Release|Any CPU
		{1FE30EB9-74A9-47F5-A9F6-7B1FAB672D81}.Debug|Any CPU.ActiveCfg = Debug|Any CPU
		{1FE30EB9-74A9-47F5-A9F6-7B1FAB672D81}.Debug|Any CPU.Build.0 = Debug|Any CPU
		{1FE30EB9-74A9-47F5-A9F6-7B1FAB672D81}.Release|Any CPU.ActiveCfg = Release|Any CPU
		{1FE30EB9-74A9-47F5-A9F6-7B1FAB672D81}.Release|Any CPU.Build.0 = Release|Any CPU
		{91853F21-9CD9-4132-BC29-A7D5D84FFFE7}.Debug|Any CPU.ActiveCfg = Debug|Any CPU
		{91853F21-9CD9-4132-BC29-A7D5D84FFFE7}.Debug|Any CPU.Build.0 = Debug|Any CPU
		{91853F21-9CD9-4132-BC29-A7D5D84FFFE7}.Release|Any CPU.ActiveCfg = Release|Any CPU
		{91853F21-9CD9-4132-BC29-A7D5D84FFFE7}.Release|Any CPU.Build.0 = Release|Any CPU
		{E512F4D9-9375-480F-A2F6-A46509F9D824}.Debug|Any CPU.ActiveCfg = Debug|Any CPU
		{E512F4D9-9375-480F-A2F6-A46509F9D824}.Debug|Any CPU.Build.0 = Debug|Any CPU
		{E512F4D9-9375-480F-A2F6-A46509F9D824}.Release|Any CPU.ActiveCfg = Release|Any CPU
		{E512F4D9-9375-480F-A2F6-A46509F9D824}.Release|Any CPU.Build.0 = Release|Any CPU
		{EF480016-9127-4916-8735-D2466BDBC582}.Debug|Any CPU.ActiveCfg = Debug|Any CPU
		{EF480016-9127-4916-8735-D2466BDBC582}.Debug|Any CPU.Build.0 = Debug|Any CPU
		{EF480016-9127-4916-8735-D2466BDBC582}.Release|Any CPU.ActiveCfg = Release|Any CPU
		{EF480016-9127-4916-8735-D2466BDBC582}.Release|Any CPU.Build.0 = Release|Any CPU
		{AA94D832-1CCC-4715-95A9-A483F23A1A5D}.Debug|Any CPU.ActiveCfg = Debug|Any CPU
		{AA94D832-1CCC-4715-95A9-A483F23A1A5D}.Debug|Any CPU.Build.0 = Debug|Any CPU
		{AA94D832-1CCC-4715-95A9-A483F23A1A5D}.Release|Any CPU.ActiveCfg = Release|Any CPU
		{AA94D832-1CCC-4715-95A9-A483F23A1A5D}.Release|Any CPU.Build.0 = Release|Any CPU
		{748584B1-BA69-4F6A-81AA-F4BDE6BCE29D}.Debug|Any CPU.ActiveCfg = Debug|Any CPU
		{748584B1-BA69-4F6A-81AA-F4BDE6BCE29D}.Debug|Any CPU.Build.0 = Debug|Any CPU
		{748584B1-BA69-4F6A-81AA-F4BDE6BCE29D}.Release|Any CPU.ActiveCfg = Release|Any CPU
		{748584B1-BA69-4F6A-81AA-F4BDE6BCE29D}.Release|Any CPU.Build.0 = Release|Any CPU
		{53F1858A-8B02-489D-9708-E9D6D18E439D}.Debug|Any CPU.ActiveCfg = Debug|Any CPU
		{53F1858A-8B02-489D-9708-E9D6D18E439D}.Debug|Any CPU.Build.0 = Debug|Any CPU
		{53F1858A-8B02-489D-9708-E9D6D18E439D}.Release|Any CPU.ActiveCfg = Release|Any CPU
		{53F1858A-8B02-489D-9708-E9D6D18E439D}.Release|Any CPU.Build.0 = Release|Any CPU
		{1C1972D7-52AF-46F7-9454-7EC4C443BF15}.Debug|Any CPU.ActiveCfg = Debug|Any CPU
		{1C1972D7-52AF-46F7-9454-7EC4C443BF15}.Debug|Any CPU.Build.0 = Debug|Any CPU
		{1C1972D7-52AF-46F7-9454-7EC4C443BF15}.Release|Any CPU.ActiveCfg = Release|Any CPU
		{1C1972D7-52AF-46F7-9454-7EC4C443BF15}.Release|Any CPU.Build.0 = Release|Any CPU
		{4E01FC3E-B919-4AED-AE32-E06D4675CE2C}.Debug|Any CPU.ActiveCfg = Debug|Any CPU
		{4E01FC3E-B919-4AED-AE32-E06D4675CE2C}.Debug|Any CPU.Build.0 = Debug|Any CPU
		{4E01FC3E-B919-4AED-AE32-E06D4675CE2C}.Release|Any CPU.ActiveCfg = Release|Any CPU
		{4E01FC3E-B919-4AED-AE32-E06D4675CE2C}.Release|Any CPU.Build.0 = Release|Any CPU
		{A4EFF505-3961-45AA-9829-962EF67ABB1C}.Debug|Any CPU.ActiveCfg = Debug|Any CPU
		{A4EFF505-3961-45AA-9829-962EF67ABB1C}.Debug|Any CPU.Build.0 = Debug|Any CPU
		{A4EFF505-3961-45AA-9829-962EF67ABB1C}.Release|Any CPU.ActiveCfg = Release|Any CPU
		{A4EFF505-3961-45AA-9829-962EF67ABB1C}.Release|Any CPU.Build.0 = Release|Any CPU
		{53E7A541-0155-4626-A564-9B7ECA822058}.Debug|Any CPU.ActiveCfg = Debug|Any CPU
		{53E7A541-0155-4626-A564-9B7ECA822058}.Debug|Any CPU.Build.0 = Debug|Any CPU
		{53E7A541-0155-4626-A564-9B7ECA822058}.Release|Any CPU.ActiveCfg = Release|Any CPU
		{53E7A541-0155-4626-A564-9B7ECA822058}.Release|Any CPU.Build.0 = Release|Any CPU
		{3AD01639-1FB3-4CEE-8748-BF145E7CE6AB}.Debug|Any CPU.ActiveCfg = Debug|Any CPU
		{3AD01639-1FB3-4CEE-8748-BF145E7CE6AB}.Debug|Any CPU.Build.0 = Debug|Any CPU
		{3AD01639-1FB3-4CEE-8748-BF145E7CE6AB}.Release|Any CPU.ActiveCfg = Release|Any CPU
		{3AD01639-1FB3-4CEE-8748-BF145E7CE6AB}.Release|Any CPU.Build.0 = Release|Any CPU
		{90FD505D-2C91-41D6-AA05-1D4260F5D094}.Debug|Any CPU.ActiveCfg = Debug|Any CPU
		{90FD505D-2C91-41D6-AA05-1D4260F5D094}.Debug|Any CPU.Build.0 = Debug|Any CPU
		{90FD505D-2C91-41D6-AA05-1D4260F5D094}.Release|Any CPU.ActiveCfg = Release|Any CPU
		{90FD505D-2C91-41D6-AA05-1D4260F5D094}.Release|Any CPU.Build.0 = Release|Any CPU
		{137E1175-C086-4EDC-A193-AD4F2170F35A}.Debug|Any CPU.ActiveCfg = Debug|Any CPU
		{137E1175-C086-4EDC-A193-AD4F2170F35A}.Debug|Any CPU.Build.0 = Debug|Any CPU
		{137E1175-C086-4EDC-A193-AD4F2170F35A}.Release|Any CPU.ActiveCfg = Release|Any CPU
		{137E1175-C086-4EDC-A193-AD4F2170F35A}.Release|Any CPU.Build.0 = Release|Any CPU
		{85E79BFA-D3B8-47A8-8339-64384C9FA2FE}.Debug|Any CPU.ActiveCfg = Debug|Any CPU
		{85E79BFA-D3B8-47A8-8339-64384C9FA2FE}.Debug|Any CPU.Build.0 = Debug|Any CPU
		{85E79BFA-D3B8-47A8-8339-64384C9FA2FE}.Release|Any CPU.ActiveCfg = Release|Any CPU
		{85E79BFA-D3B8-47A8-8339-64384C9FA2FE}.Release|Any CPU.Build.0 = Release|Any CPU
		{097E459D-F47B-4570-A2EC-EB8B3BDBA1FF}.Debug|Any CPU.ActiveCfg = Debug|Any CPU
		{097E459D-F47B-4570-A2EC-EB8B3BDBA1FF}.Debug|Any CPU.Build.0 = Debug|Any CPU
		{097E459D-F47B-4570-A2EC-EB8B3BDBA1FF}.Release|Any CPU.ActiveCfg = Release|Any CPU
		{097E459D-F47B-4570-A2EC-EB8B3BDBA1FF}.Release|Any CPU.Build.0 = Release|Any CPU
	EndGlobalSection
	GlobalSection(SolutionProperties) = preSolution
		HideSolutionNode = FALSE
	EndGlobalSection
	GlobalSection(NestedProjects) = preSolution
		{554AD327-6DBA-4F8F-96F8-81CE7A0C863F} = {CA9AC87F-097E-4F15-8393-4BC07735A5B0}
		{1A94A50E-06DC-43C1-80B5-B662820EC3EB} = {CA9AC87F-097E-4F15-8393-4BC07735A5B0}
		{C956DD76-69C8-4A9C-83EA-D17DF83340FD} = {CA9AC87F-097E-4F15-8393-4BC07735A5B0}
		{50B2631D-129C-47B3-A587-029CCD6099BC} = {04DBDB01-70F4-4E06-B468-8F87850B22BE}
		{42F719ED-8413-4895-B5B4-5AB56079BC66} = {CA9AC87F-097E-4F15-8393-4BC07735A5B0}
		{520659C8-C734-4298-A3DA-B539DB9DFC0B} = {CA9AC87F-097E-4F15-8393-4BC07735A5B0}
		{4164BDF7-F527-4E85-9CE6-E3C2D7426A27} = {CA9AC87F-097E-4F15-8393-4BC07735A5B0}
		{3B5A0094-670D-4BB1-BFDD-61B88A8773DC} = {CA9AC87F-097E-4F15-8393-4BC07735A5B0}
		{1FE30EB9-74A9-47F5-A9F6-7B1FAB672D81} = {04DBDB01-70F4-4E06-B468-8F87850B22BE}
		{91853F21-9CD9-4132-BC29-A7D5D84FFFE7} = {04DBDB01-70F4-4E06-B468-8F87850B22BE}
		{E512F4D9-9375-480F-A2F6-A46509F9D824} = {04DBDB01-70F4-4E06-B468-8F87850B22BE}
		{EF480016-9127-4916-8735-D2466BDBC582} = {04DBDB01-70F4-4E06-B468-8F87850B22BE}
		{AA94D832-1CCC-4715-95A9-A483F23A1A5D} = {CA9AC87F-097E-4F15-8393-4BC07735A5B0}
		{748584B1-BA69-4F6A-81AA-F4BDE6BCE29D} = {CA9AC87F-097E-4F15-8393-4BC07735A5B0}
		{53F1858A-8B02-489D-9708-E9D6D18E439D} = {CA9AC87F-097E-4F15-8393-4BC07735A5B0}
		{1C1972D7-52AF-46F7-9454-7EC4C443BF15} = {CA9AC87F-097E-4F15-8393-4BC07735A5B0}
		{4E01FC3E-B919-4AED-AE32-E06D4675CE2C} = {CA9AC87F-097E-4F15-8393-4BC07735A5B0}
		{A6EC4490-7A1E-44FF-9898-D6950F160C07} = {5A7A77E8-4FA8-494D-94FA-1720118A6179}
		{A4EFF505-3961-45AA-9829-962EF67ABB1C} = {A6EC4490-7A1E-44FF-9898-D6950F160C07}
		{53E7A541-0155-4626-A564-9B7ECA822058} = {A6EC4490-7A1E-44FF-9898-D6950F160C07}
		{3AD01639-1FB3-4CEE-8748-BF145E7CE6AB} = {A6EC4490-7A1E-44FF-9898-D6950F160C07}
		{90FD505D-2C91-41D6-AA05-1D4260F5D094} = {A6EC4490-7A1E-44FF-9898-D6950F160C07}
		{137E1175-C086-4EDC-A193-AD4F2170F35A} = {A6EC4490-7A1E-44FF-9898-D6950F160C07}
		{85E79BFA-D3B8-47A8-8339-64384C9FA2FE} = {A6EC4490-7A1E-44FF-9898-D6950F160C07}
		{097E459D-F47B-4570-A2EC-EB8B3BDBA1FF} = {A6EC4490-7A1E-44FF-9898-D6950F160C07}
	EndGlobalSection
	GlobalSection(ExtensibilityGlobals) = postSolution
		SolutionGuid = {28315BFD-90E7-4E14-A2EA-F3D23AF4126F}
	EndGlobalSection
EndGlobal
